
Microsoft Visual Studio Solution File, Format Version 12.00
# Visual Studio Version 16
VisualStudioVersion = 16.0.30517.126
MinimumVisualStudioVersion = 10.0.40219.1
Project("{2150E333-8FDC-42A3-9474-1A3956D46DE8}") = "Application", "Application", "{671C6ACD-04B9-4109-A3C9-4C39BFDC6927}"
EndProject
Project("{2150E333-8FDC-42A3-9474-1A3956D46DE8}") = "Domain", "Domain", "{9ABB289F-3A08-45EA-A947-B9BA4B0FEB37}"
EndProject
Project("{2150E333-8FDC-42A3-9474-1A3956D46DE8}") = "Service", "Service", "{9B087B1C-20BA-4282-B0AB-C7DED3382647}"
EndProject
Project("{2150E333-8FDC-42A3-9474-1A3956D46DE8}") = "Infra", "Infra", "{71AAE2CD-8894-44B7-9CD2-83890ABE6440}"
EndProject
Project("{2150E333-8FDC-42A3-9474-1A3956D46DE8}") = "Data", "Data", "{D3912DDC-BF90-4469-A222-5450EAE3ECF9}"
EndProject
Project("{2150E333-8FDC-42A3-9474-1A3956D46DE8}") = "CrossCutting", "CrossCutting", "{41034269-1ACE-4AE4-AEC3-F5A229290F24}"
EndProject
Project("{2150E333-8FDC-42A3-9474-1A3956D46DE8}") = "src", "src", "{40C1EAE3-BFE3-408B-BB18-24A240E83EDC}"
EndProject
Project("{9A19103F-16F7-4668-BE54-9A1E7A4F7556}") = "Garden.Aplication", "Garden.Application\Garden.Aplication.csproj", "{697CD26A-AF1E-47CA-B60D-CBA93EAAA7BD}"
EndProject
Project("{2150E333-8FDC-42A3-9474-1A3956D46DE8}") = "Shared", "Shared", "{B7901337-211C-43CE-A45A-80E3A04A2239}"
EndProject
Project("{9A19103F-16F7-4668-BE54-9A1E7A4F7556}") = "Garden.Domain", "Garden.Domain\Garden.Domain.csproj", "{06085BE1-198D-471E-A233-20A061CB6773}"
EndProject
Project("{9A19103F-16F7-4668-BE54-9A1E7A4F7556}") = "Garden.Service", "Garden.Service\Garden.Service.csproj", "{DF415C38-0833-479C-9729-9B0C6D4B544C}"
EndProject
Project("{9A19103F-16F7-4668-BE54-9A1E7A4F7556}") = "Garden.Infra.Shared", "Garden.Infra\Shared\Garden.Infra.Shared.csproj", "{CCCE65BE-AF3E-4BE4-B815-798DD9DC8D13}"
EndProject
Project("{9A19103F-16F7-4668-BE54-9A1E7A4F7556}") = "Garden.Infra.CrossCutting", "Garden.Infra\CrossCutting\Garden.Infra.CrossCutting.csproj", "{855176D2-897F-4498-8C29-BCD2564914DD}"
EndProject
Project("{9A19103F-16F7-4668-BE54-9A1E7A4F7556}") = "Garden.Infra.Data", "Garden.Infra\Data\Garden.Infra.Data.csproj", "{BA1EB57E-4030-44DF-9F50-1EF206458C42}"
EndProject
Global
	GlobalSection(SolutionConfigurationPlatforms) = preSolution
		Debug|Any CPU = Debug|Any CPU
		Release|Any CPU = Release|Any CPU
	EndGlobalSection
	GlobalSection(ProjectConfigurationPlatforms) = postSolution
		{697CD26A-AF1E-47CA-B60D-CBA93EAAA7BD}.Debug|Any CPU.ActiveCfg = Debug|Any CPU
		{697CD26A-AF1E-47CA-B60D-CBA93EAAA7BD}.Debug|Any CPU.Build.0 = Debug|Any CPU
		{697CD26A-AF1E-47CA-B60D-CBA93EAAA7BD}.Release|Any CPU.ActiveCfg = Release|Any CPU
		{697CD26A-AF1E-47CA-B60D-CBA93EAAA7BD}.Release|Any CPU.Build.0 = Release|Any CPU
		{06085BE1-198D-471E-A233-20A061CB6773}.Debug|Any CPU.ActiveCfg = Debug|Any CPU
		{06085BE1-198D-471E-A233-20A061CB6773}.Debug|Any CPU.Build.0 = Debug|Any CPU
		{06085BE1-198D-471E-A233-20A061CB6773}.Release|Any CPU.ActiveCfg = Release|Any CPU
		{06085BE1-198D-471E-A233-20A061CB6773}.Release|Any CPU.Build.0 = Release|Any CPU
		{DF415C38-0833-479C-9729-9B0C6D4B544C}.Debug|Any CPU.ActiveCfg = Debug|Any CPU
		{DF415C38-0833-479C-9729-9B0C6D4B544C}.Debug|Any CPU.Build.0 = Debug|Any CPU
		{DF415C38-0833-479C-9729-9B0C6D4B544C}.Release|Any CPU.ActiveCfg = Release|Any CPU
		{DF415C38-0833-479C-9729-9B0C6D4B544C}.Release|Any CPU.Build.0 = Release|Any CPU
		{CCCE65BE-AF3E-4BE4-B815-798DD9DC8D13}.Debug|Any CPU.ActiveCfg = Debug|Any CPU
		{CCCE65BE-AF3E-4BE4-B815-798DD9DC8D13}.Debug|Any CPU.Build.0 = Debug|Any CPU
		{CCCE65BE-AF3E-4BE4-B815-798DD9DC8D13}.Release|Any CPU.ActiveCfg = Release|Any CPU
		{CCCE65BE-AF3E-4BE4-B815-798DD9DC8D13}.Release|Any CPU.Build.0 = Release|Any CPU
		{855176D2-897F-4498-8C29-BCD2564914DD}.Debug|Any CPU.ActiveCfg = Debug|Any CPU
		{855176D2-897F-4498-8C29-BCD2564914DD}.Debug|Any CPU.Build.0 = Debug|Any CPU
		{855176D2-897F-4498-8C29-BCD2564914DD}.Release|Any CPU.ActiveCfg = Release|Any CPU
		{855176D2-897F-4498-8C29-BCD2564914DD}.Release|Any CPU.Build.0 = Release|Any CPU
		{BA1EB57E-4030-44DF-9F50-1EF206458C42}.Debug|Any CPU.ActiveCfg = Debug|Any CPU
		{BA1EB57E-4030-44DF-9F50-1EF206458C42}.Debug|Any CPU.Build.0 = Debug|Any CPU
		{BA1EB57E-4030-44DF-9F50-1EF206458C42}.Release|Any CPU.ActiveCfg = Release|Any CPU
		{BA1EB57E-4030-44DF-9F50-1EF206458C42}.Release|Any CPU.Build.0 = Release|Any CPU
	EndGlobalSection
	GlobalSection(SolutionProperties) = preSolution
		HideSolutionNode = FALSE
	EndGlobalSection
	GlobalSection(NestedProjects) = preSolution
		{671C6ACD-04B9-4109-A3C9-4C39BFDC6927} = {40C1EAE3-BFE3-408B-BB18-24A240E83EDC}
		{9ABB289F-3A08-45EA-A947-B9BA4B0FEB37} = {40C1EAE3-BFE3-408B-BB18-24A240E83EDC}
		{9B087B1C-20BA-4282-B0AB-C7DED3382647} = {40C1EAE3-BFE3-408B-BB18-24A240E83EDC}
		{71AAE2CD-8894-44B7-9CD2-83890ABE6440} = {40C1EAE3-BFE3-408B-BB18-24A240E83EDC}
		{D3912DDC-BF90-4469-A222-5450EAE3ECF9} = {71AAE2CD-8894-44B7-9CD2-83890ABE6440}
		{41034269-1ACE-4AE4-AEC3-F5A229290F24} = {71AAE2CD-8894-44B7-9CD2-83890ABE6440}
		{697CD26A-AF1E-47CA-B60D-CBA93EAAA7BD} = {671C6ACD-04B9-4109-A3C9-4C39BFDC6927}
		{B7901337-211C-43CE-A45A-80E3A04A2239} = {71AAE2CD-8894-44B7-9CD2-83890ABE6440}
		{06085BE1-198D-471E-A233-20A061CB6773} = {9ABB289F-3A08-45EA-A947-B9BA4B0FEB37}
		{DF415C38-0833-479C-9729-9B0C6D4B544C} = {9B087B1C-20BA-4282-B0AB-C7DED3382647}
		{CCCE65BE-AF3E-4BE4-B815-798DD9DC8D13} = {B7901337-211C-43CE-A45A-80E3A04A2239}
		{855176D2-897F-4498-8C29-BCD2564914DD} = {41034269-1ACE-4AE4-AEC3-F5A229290F24}
		{BA1EB57E-4030-44DF-9F50-1EF206458C42} = {D3912DDC-BF90-4469-A222-5450EAE3ECF9}
	EndGlobalSection
	GlobalSection(ExtensibilityGlobals) = postSolution
		SolutionGuid = {6DD0BFEB-8F82-4703-A63D-2EB3EC1EB045}
	EndGlobalSection
EndGlobal
